
Microsoft Visual Studio Solution File, Format Version 12.00
# Visual Studio 14
VisualStudioVersion = 14.0.25123.0
MinimumVisualStudioVersion = 10.0.40219.1
Project("{FAE04EC0-301F-11D3-BF4B-00C04F79EFBC}") = "PFMConfigurations", "PFMConfigurations\PFMConfigurations.csproj", "{91DCF08F-A02A-4512-AEB1-C22D0942D129}"
EndProject
Project("{FAE04EC0-301F-11D3-BF4B-00C04F79EFBC}") = "PFMConfigurationsTests", "PFMConfigurationsTests\PFMConfigurationsTests.csproj", "{01A98A6F-2AC1-4DE3-BDE2-AB770611487D}"
EndProject
Global
	GlobalSection(SolutionConfigurationPlatforms) = preSolution
		Debug|Any CPU = Debug|Any CPU
		Release|Any CPU = Release|Any CPU
	EndGlobalSection
	GlobalSection(ProjectConfigurationPlatforms) = postSolution
		{91DCF08F-A02A-4512-AEB1-C22D0942D129}.Debug|Any CPU.ActiveCfg = Debug|Any CPU
		{91DCF08F-A02A-4512-AEB1-C22D0942D129}.Debug|Any CPU.Build.0 = Debug|Any CPU
		{91DCF08F-A02A-4512-AEB1-C22D0942D129}.Release|Any CPU.ActiveCfg = Release|Any CPU
		{91DCF08F-A02A-4512-AEB1-C22D0942D129}.Release|Any CPU.Build.0 = Release|Any CPU
		{01A98A6F-2AC1-4DE3-BDE2-AB770611487D}.Debug|Any CPU.ActiveCfg = Debug|Any CPU
		{01A98A6F-2AC1-4DE3-BDE2-AB770611487D}.Debug|Any CPU.Build.0 = Debug|Any CPU
		{01A98A6F-2AC1-4DE3-BDE2-AB770611487D}.Release|Any CPU.ActiveCfg = Release|Any CPU
		{01A98A6F-2AC1-4DE3-BDE2-AB770611487D}.Release|Any CPU.Build.0 = Release|Any CPU
	EndGlobalSection
	GlobalSection(SolutionProperties) = preSolution
		HideSolutionNode = FALSE
	EndGlobalSection
EndGlobal
